<?xml version="1.0" encoding="utf-8"?>
<Project ToolsVersion="4.0" xmlns="http://schemas.microsoft.com/developer/msbuild/2003">
  <ItemGroup>
    <ClCompile Include="..\uart-Tx.c" />
    <ClCompile Include="..\..\windows_specific_code\getopt.c" />
    <ClCompile Include="..\..\windows_specific_code\getopt_long.c" />
    <ClCompile Include="..\..\windows_specific_code\wiringSerial.c" />
    <ClCompile Include="..\..\..\nrc-safe-uart\nrc-safe-uart.c" />
    <ClCompile Include="..\..\..\nrc-safe-uart\config_rpi_uart-Tx\nrc-safe-uart_config.c" />
    <ClCompile Include="..\..\..\nrc-print\nrc-print.c" />
    <ClCompile Include="..\..\..\other\crc_software_as_stm32_hardware.c" />
  </ItemGroup>
  <ItemGroup>
    <ClInclude Include="..\..\windows_specific_code\getopt.h" />
    <ClInclude Include="..\..\windows_specific_code\wiringSerial.h" />
    <ClInclude Include="..\..\..\nrc-safe-uart\nrc-safe-uart.h" />
    <ClInclude Include="..\..\..\nrc-safe-uart\config_rpi_uart-Tx\nrc-safe-uart_config.h" />
    <ClInclude Include="..\..\..\nrc-print\nrc-print.h" />
    <ClInclude Include="..\..\..\nrc-print\config_rpi_uart-Tx\nrc-print_config.h" />
    <ClInclude Include="..\..\..\other\base64.h" />
    <ClInclude Include="..\..\..\other\crc_software_as_stm32_hardware.h" />
  </ItemGroup>
</Project>