<?xml version="1.0" encoding="utf-8"?>
<Project ToolsVersion="4.0" xmlns="http://schemas.microsoft.com/developer/msbuild/2003">
  <ItemGroup>
    <Filter Include="Исходные файлы">
      <UniqueIdentifier>{4FC737F1-C7A5-4376-A066-2A32D752A2FF}</UniqueIdentifier>
      <Extensions>cpp;c;cc;cxx;def;odl;idl;hpj;bat;asm;asmx</Extensions>
    </Filter>
    <Filter Include="Файлы заголовков">
      <UniqueIdentifier>{93995380-89BD-4b04-88EB-625FBE52EBFB}</UniqueIdentifier>
      <Extensions>h;hh;hpp;hxx;hm;inl;inc;ipp;xsd</Extensions>
    </Filter>
    <Filter Include="Файлы ресурсов">
      <UniqueIdentifier>{67DA6AB6-F800-4c08-8B7A-83BB121AAD01}</UniqueIdentifier>
      <Extensions>rc;ico;cur;bmp;dlg;rc2;rct;bin;rgs;gif;jpg;jpeg;jpe;resx;tiff;tif;png;wav;mfcribbon-ms</Extensions>
    </Filter>
    <Filter Include="Drivers">
      <UniqueIdentifier>{b5d08888-cd49-45f6-87a3-8d16218af2ad}</UniqueIdentifier>
    </Filter>
    <Filter Include="FreeRTOS">
      <UniqueIdentifier>{60c80415-4673-464a-a7fe-b0a8d29f8544}</UniqueIdentifier>
    </Filter>
    <Filter Include="stm32">
      <UniqueIdentifier>{2e5eaabe-cf90-4195-939a-4472206af1ee}</UniqueIdentifier>
    </Filter>
    <Filter Include="raspberry">
      <UniqueIdentifier>{7b893b75-cec1-431c-93da-4d0e64de0bed}</UniqueIdentifier>
    </Filter>
    <Filter Include="raspberry\uart-transmitter">
      <UniqueIdentifier>{c71649fa-8555-483e-bb65-46695d0f41ca}</UniqueIdentifier>
    </Filter>
    <Filter Include="raspberry\uart-receiver">
      <UniqueIdentifier>{47ef9566-470a-4d0c-a83e-3155a6505208}</UniqueIdentifier>
    </Filter>
    <Filter Include="common">
      <UniqueIdentifier>{c4872b9b-0ca9-4ae3-abc5-98ba2fafa8d3}</UniqueIdentifier>
    </Filter>
    <Filter Include="Protobuf">
      <UniqueIdentifier>{6949217c-3f16-4be3-80db-4cf8f96db52c}</UniqueIdentifier>
    </Filter>
  </ItemGroup>
  <ItemGroup>
    <ClInclude Include="..\Drivers\CMSIS\Include\arm_common_tables.h">
      <Filter>Drivers</Filter>
    </ClInclude>
    <ClInclude Include="..\Drivers\CMSIS\Include\arm_const_structs.h">
      <Filter>Drivers</Filter>
    </ClInclude>
    <ClInclude Include="..\Drivers\CMSIS\Include\arm_math.h">
      <Filter>Drivers</Filter>
    </ClInclude>
    <ClInclude Include="..\Drivers\CMSIS\Include\cmsis_armcc.h">
      <Filter>Drivers</Filter>
    </ClInclude>
    <ClInclude Include="..\Drivers\CMSIS\Include\cmsis_armcc_V6.h">
      <Filter>Drivers</Filter>
    </ClInclude>
    <ClInclude Include="..\Drivers\CMSIS\Include\cmsis_gcc.h">
      <Filter>Drivers</Filter>
    </ClInclude>
    <ClInclude Include="..\Drivers\CMSIS\Include\core_cm0.h">
      <Filter>Drivers</Filter>
    </ClInclude>
    <ClInclude Include="..\Drivers\CMSIS\Include\core_cm0plus.h">
      <Filter>Drivers</Filter>
    </ClInclude>
    <ClInclude Include="..\Drivers\CMSIS\Include\core_cm3.h">
      <Filter>Drivers</Filter>
    </ClInclude>
    <ClInclude Include="..\Drivers\CMSIS\Include\core_cm4.h">
      <Filter>Drivers</Filter>
    </ClInclude>
    <ClInclude Include="..\Drivers\CMSIS\Include\core_cm7.h">
      <Filter>Drivers</Filter>
    </ClInclude>
    <ClInclude Include="..\Drivers\CMSIS\Include\core_cmFunc.h">
      <Filter>Drivers</Filter>
    </ClInclude>
    <ClInclude Include="..\Drivers\CMSIS\Include\core_cmInstr.h">
      <Filter>Drivers</Filter>
    </ClInclude>
    <ClInclude Include="..\Drivers\CMSIS\Include\core_cmSimd.h">
      <Filter>Drivers</Filter>
    </ClInclude>
    <ClInclude Include="..\Drivers\CMSIS\Include\core_sc000.h">
      <Filter>Drivers</Filter>
    </ClInclude>
    <ClInclude Include="..\Drivers\CMSIS\Include\core_sc300.h">
      <Filter>Drivers</Filter>
    </ClInclude>
    <ClInclude Include="..\Drivers\STM32F1xx_HAL_Driver\Inc\Legacy\stm32_hal_legacy.h">
      <Filter>Drivers</Filter>
    </ClInclude>
    <ClInclude Include="..\Drivers\CMSIS\Device\ST\STM32F1xx\Include\stm32f1xx.h">
      <Filter>Drivers</Filter>
    </ClInclude>
    <ClInclude Include="..\Drivers\STM32F1xx_HAL_Driver\Inc\stm32f1xx_hal.h">
      <Filter>Drivers</Filter>
    </ClInclude>
    <ClInclude Include="..\Drivers\STM32F1xx_HAL_Driver\Inc\stm32f1xx_hal_cortex.h">
      <Filter>Drivers</Filter>
    </ClInclude>
    <ClInclude Include="..\Drivers\STM32F1xx_HAL_Driver\Inc\stm32f1xx_hal_def.h">
      <Filter>Drivers</Filter>
    </ClInclude>
    <ClInclude Include="..\Drivers\STM32F1xx_HAL_Driver\Inc\stm32f1xx_hal_dma.h">
      <Filter>Drivers</Filter>
    </ClInclude>
    <ClInclude Include="..\Drivers\STM32F1xx_HAL_Driver\Inc\stm32f1xx_hal_dma_ex.h">
      <Filter>Drivers</Filter>
    </ClInclude>
    <ClInclude Include="..\Drivers\STM32F1xx_HAL_Driver\Inc\stm32f1xx_hal_flash.h">
      <Filter>Drivers</Filter>
    </ClInclude>
    <ClInclude Include="..\Drivers\STM32F1xx_HAL_Driver\Inc\stm32f1xx_hal_flash_ex.h">
      <Filter>Drivers</Filter>
    </ClInclude>
    <ClInclude Include="..\Drivers\STM32F1xx_HAL_Driver\Inc\stm32f1xx_hal_gpio.h">
      <Filter>Drivers</Filter>
    </ClInclude>
    <ClInclude Include="..\Drivers\STM32F1xx_HAL_Driver\Inc\stm32f1xx_hal_gpio_ex.h">
      <Filter>Drivers</Filter>
    </ClInclude>
    <ClInclude Include="..\Drivers\STM32F1xx_HAL_Driver\Inc\stm32f1xx_hal_pwr.h">
      <Filter>Drivers</Filter>
    </ClInclude>
    <ClInclude Include="..\Drivers\STM32F1xx_HAL_Driver\Inc\stm32f1xx_hal_rcc.h">
      <Filter>Drivers</Filter>
    </ClInclude>
    <ClInclude Include="..\Drivers\STM32F1xx_HAL_Driver\Inc\stm32f1xx_hal_rcc_ex.h">
      <Filter>Drivers</Filter>
    </ClInclude>
    <ClInclude Include="..\Drivers\STM32F1xx_HAL_Driver\Inc\stm32f1xx_hal_rtc.h">
      <Filter>Drivers</Filter>
    </ClInclude>
    <ClInclude Include="..\Drivers\STM32F1xx_HAL_Driver\Inc\stm32f1xx_hal_rtc_ex.h">
      <Filter>Drivers</Filter>
    </ClInclude>
    <ClInclude Include="..\Drivers\STM32F1xx_HAL_Driver\Inc\stm32f1xx_hal_spi.h">
      <Filter>Drivers</Filter>
    </ClInclude>
    <ClInclude Include="..\Drivers\STM32F1xx_HAL_Driver\Inc\stm32f1xx_hal_tim.h">
      <Filter>Drivers</Filter>
    </ClInclude>
    <ClInclude Include="..\Drivers\STM32F1xx_HAL_Driver\Inc\stm32f1xx_hal_tim_ex.h">
      <Filter>Drivers</Filter>
    </ClInclude>
    <ClInclude Include="..\Drivers\CMSIS\Device\ST\STM32F1xx\Include\stm32f105xc.h">
      <Filter>Drivers</Filter>
    </ClInclude>
    <ClInclude Include="..\Drivers\CMSIS\Device\ST\STM32F1xx\Include\system_stm32f1xx.h">
      <Filter>Drivers</Filter>
    </ClInclude>
    <ClInclude Include="..\Inc\main.h">
      <Filter>Файлы заголовков</Filter>
    </ClInclude>
    <ClInclude Include="..\Inc\stm32f1xx_hal_conf.h">
      <Filter>Файлы заголовков</Filter>
    </ClInclude>
    <ClInclude Include="..\Inc\stm32f1xx_it.h">
      <Filter>Файлы заголовков</Filter>
    </ClInclude>
    <ClInclude Include="..\Middlewares\Third_Party\FreeRTOS\Source\CMSIS_RTOS\cmsis_os.h">
      <Filter>FreeRTOS</Filter>
    </ClInclude>
    <ClInclude Include="..\Middlewares\Third_Party\FreeRTOS\Source\include\croutine.h">
      <Filter>FreeRTOS</Filter>
    </ClInclude>
    <ClInclude Include="..\Middlewares\Third_Party\FreeRTOS\Source\include\deprecated_definitions.h">
      <Filter>FreeRTOS</Filter>
    </ClInclude>
    <ClInclude Include="..\Middlewares\Third_Party\FreeRTOS\Source\include\event_groups.h">
      <Filter>FreeRTOS</Filter>
    </ClInclude>
    <ClInclude Include="..\Middlewares\Third_Party\FreeRTOS\Source\include\FreeRTOS.h">
      <Filter>FreeRTOS</Filter>
    </ClInclude>
    <ClInclude Include="..\Middlewares\Third_Party\FreeRTOS\Source\include\list.h">
      <Filter>FreeRTOS</Filter>
    </ClInclude>
    <ClInclude Include="..\Middlewares\Third_Party\FreeRTOS\Source\include\mpu_prototypes.h">
      <Filter>FreeRTOS</Filter>
    </ClInclude>
    <ClInclude Include="..\Middlewares\Third_Party\FreeRTOS\Source\include\mpu_wrappers.h">
      <Filter>FreeRTOS</Filter>
    </ClInclude>
    <ClInclude Include="..\Middlewares\Third_Party\FreeRTOS\Source\include\portable.h">
      <Filter>FreeRTOS</Filter>
    </ClInclude>
    <ClInclude Include="..\Middlewares\Third_Party\FreeRTOS\Source\include\projdefs.h">
      <Filter>FreeRTOS</Filter>
    </ClInclude>
    <ClInclude Include="..\Middlewares\Third_Party\FreeRTOS\Source\include\queue.h">
      <Filter>FreeRTOS</Filter>
    </ClInclude>
    <ClInclude Include="..\Middlewares\Third_Party\FreeRTOS\Source\include\semphr.h">
      <Filter>FreeRTOS</Filter>
    </ClInclude>
    <ClInclude Include="..\Middlewares\Third_Party\FreeRTOS\Source\include\StackMacros.h">
      <Filter>FreeRTOS</Filter>
    </ClInclude>
    <ClInclude Include="..\Middlewares\Third_Party\FreeRTOS\Source\include\task.h">
      <Filter>FreeRTOS</Filter>
    </ClInclude>
    <ClInclude Include="..\Middlewares\Third_Party\FreeRTOS\Source\include\timers.h">
      <Filter>FreeRTOS</Filter>
    </ClInclude>
    <ClInclude Include="..\Middlewares\Third_Party\FreeRTOS\Source\portable\RVDS\ARM_CM3\portmacro.h">
      <Filter>FreeRTOS</Filter>
    </ClInclude>
    <ClInclude Include="..\Drivers\STM32F1xx_HAL_Driver\Inc\stm32f1xx_hal_uart.h">
      <Filter>Drivers</Filter>
    </ClInclude>
    <ClInclude Include="..\Drivers\STM32F1xx_HAL_Driver\Inc\stm32f1xx_hal_crc.h">
      <Filter>Drivers</Filter>
    </ClInclude>
    <ClInclude Include="..\Inc\FreeRTOSConfig.h">
      <Filter>Файлы заголовков</Filter>
    </ClInclude>
    <ClInclude Include="..\Inc\unix_time.h">
      <Filter>Файлы заголовков</Filter>
    </ClInclude>
    <ClInclude Include="..\Inc\uart_config.h">
      <Filter>stm32</Filter>
    </ClInclude>
    <ClInclude Include="..\Inc\nrc_print_config.h">
      <Filter>stm32</Filter>
    </ClInclude>
    <ClInclude Include="..\..\rpi-uart\raspberry_config\uart-receiver\uart_config.h">
      <Filter>raspberry\uart-receiver</Filter>
    </ClInclude>
    <ClInclude Include="..\..\rpi-uart\raspberry_config\uart-transmitter\uart_config.h">
      <Filter>raspberry\uart-transmitter</Filter>
    </ClInclude>
    <ClInclude Include="..\..\rpi-uart\safe_uart\safe_uart_messenger.h">
      <Filter>common</Filter>
    </ClInclude>
    <ClInclude Include="..\..\nrc_print.h">
      <Filter>common</Filter>
    </ClInclude>
    <ClInclude Include="..\..\rpi-uart\my_software_stm32_crc.h">
      <Filter>raspberry</Filter>
    </ClInclude>
    <ClInclude Include="..\..\rpi-uart\raspberry_config\uart-receiver\nrc_print_config.h">
      <Filter>raspberry\uart-receiver</Filter>
    </ClInclude>
    <ClInclude Include="..\..\rpi-uart\raspberry_config\uart-transmitter\nrc_print_config.h">
      <Filter>raspberry\uart-transmitter</Filter>
    </ClInclude>
    <ClInclude Include="..\..\nrc_protocol_buffers\nrc_msg.pb.h">
      <Filter>Protobuf</Filter>
    </ClInclude>
    <ClInclude Include="..\..\nrc_protocol_buffers\nanopb\pb_common.h">
      <Filter>Protobuf</Filter>
    </ClInclude>
    <ClInclude Include="..\..\nrc_protocol_buffers\nanopb\pb_decode.h">
      <Filter>Protobuf</Filter>
    </ClInclude>
    <ClInclude Include="..\..\nrc_protocol_buffers\nanopb\pb_encode.h">
      <Filter>Protobuf</Filter>
    </ClInclude>
    <ClInclude Include="..\..\nrc_protocol_buffers\nanopb\pb.h">
      <Filter>Protobuf</Filter>
    </ClInclude>
    <ClInclude Include="..\..\base64.h">
      <Filter>Protobuf</Filter>
    </ClInclude>
    <ClInclude Include="..\..\rpi-uart\win32_fake_wiringpi\wiringSerial.h">
      <Filter>raspberry</Filter>
    </ClInclude>
  </ItemGroup>
  <ItemGroup>
    <ClCompile Include="..\Drivers\STM32F1xx_HAL_Driver\Src\stm32f1xx_hal.c">
      <Filter>Drivers</Filter>
    </ClCompile>
    <ClCompile Include="..\Drivers\STM32F1xx_HAL_Driver\Src\stm32f1xx_hal_cortex.c">
      <Filter>Drivers</Filter>
    </ClCompile>
    <ClCompile Include="..\Drivers\STM32F1xx_HAL_Driver\Src\stm32f1xx_hal_dma.c">
      <Filter>Drivers</Filter>
    </ClCompile>
    <ClCompile Include="..\Drivers\STM32F1xx_HAL_Driver\Src\stm32f1xx_hal_flash.c">
      <Filter>Drivers</Filter>
    </ClCompile>
    <ClCompile Include="..\Drivers\STM32F1xx_HAL_Driver\Src\stm32f1xx_hal_flash_ex.c">
      <Filter>Drivers</Filter>
    </ClCompile>
    <ClCompile Include="..\Drivers\STM32F1xx_HAL_Driver\Src\stm32f1xx_hal_gpio.c">
      <Filter>Drivers</Filter>
    </ClCompile>
    <ClCompile Include="..\Drivers\STM32F1xx_HAL_Driver\Src\stm32f1xx_hal_gpio_ex.c">
      <Filter>Drivers</Filter>
    </ClCompile>
    <ClCompile Include="..\Drivers\STM32F1xx_HAL_Driver\Src\stm32f1xx_hal_pwr.c">
      <Filter>Drivers</Filter>
    </ClCompile>
    <ClCompile Include="..\Drivers\STM32F1xx_HAL_Driver\Src\stm32f1xx_hal_rcc.c">
      <Filter>Drivers</Filter>
    </ClCompile>
    <ClCompile Include="..\Drivers\STM32F1xx_HAL_Driver\Src\stm32f1xx_hal_rcc_ex.c">
      <Filter>Drivers</Filter>
    </ClCompile>
    <ClCompile Include="..\Drivers\STM32F1xx_HAL_Driver\Src\stm32f1xx_hal_rtc.c">
      <Filter>Drivers</Filter>
    </ClCompile>
    <ClCompile Include="..\Drivers\STM32F1xx_HAL_Driver\Src\stm32f1xx_hal_rtc_ex.c">
      <Filter>Drivers</Filter>
    </ClCompile>
    <ClCompile Include="..\Drivers\STM32F1xx_HAL_Driver\Src\stm32f1xx_hal_spi.c">
      <Filter>Drivers</Filter>
    </ClCompile>
    <ClCompile Include="..\Drivers\STM32F1xx_HAL_Driver\Src\stm32f1xx_hal_spi_ex.c">
      <Filter>Drivers</Filter>
    </ClCompile>
    <ClCompile Include="..\Drivers\STM32F1xx_HAL_Driver\Src\stm32f1xx_hal_tim.c">
      <Filter>Drivers</Filter>
    </ClCompile>
    <ClCompile Include="..\Drivers\STM32F1xx_HAL_Driver\Src\stm32f1xx_hal_tim_ex.c">
      <Filter>Drivers</Filter>
    </ClCompile>
    <ClCompile Include="..\Src\main.c">
      <Filter>Исходные файлы</Filter>
    </ClCompile>
    <ClCompile Include="..\Src\stm32f1xx_hal_msp.c">
      <Filter>Исходные файлы</Filter>
    </ClCompile>
    <ClCompile Include="..\Src\stm32f1xx_it.c">
      <Filter>Исходные файлы</Filter>
    </ClCompile>
    <ClCompile Include="..\Src\system_stm32f1xx.c">
      <Filter>Исходные файлы</Filter>
    </ClCompile>
    <ClCompile Include="..\Middlewares\Third_Party\FreeRTOS\Source\CMSIS_RTOS\cmsis_os.c">
      <Filter>FreeRTOS</Filter>
    </ClCompile>
    <ClCompile Include="..\Middlewares\Third_Party\FreeRTOS\Source\croutine.c">
      <Filter>FreeRTOS</Filter>
    </ClCompile>
    <ClCompile Include="..\Middlewares\Third_Party\FreeRTOS\Source\event_groups.c">
      <Filter>FreeRTOS</Filter>
    </ClCompile>
    <ClCompile Include="..\Middlewares\Third_Party\FreeRTOS\Source\list.c">
      <Filter>FreeRTOS</Filter>
    </ClCompile>
    <ClCompile Include="..\Middlewares\Third_Party\FreeRTOS\Source\portable\MemMang\heap_4.c">
      <Filter>FreeRTOS</Filter>
    </ClCompile>
    <ClCompile Include="..\Middlewares\Third_Party\FreeRTOS\Source\portable\RVDS\ARM_CM3\port.c">
      <Filter>FreeRTOS</Filter>
    </ClCompile>
    <ClCompile Include="..\Middlewares\Third_Party\FreeRTOS\Source\queue.c">
      <Filter>FreeRTOS</Filter>
    </ClCompile>
    <ClCompile Include="..\Middlewares\Third_Party\FreeRTOS\Source\tasks.c">
      <Filter>FreeRTOS</Filter>
    </ClCompile>
    <ClCompile Include="..\Middlewares\Third_Party\FreeRTOS\Source\timers.c">
      <Filter>FreeRTOS</Filter>
    </ClCompile>
    <ClCompile Include="..\Drivers\STM32F1xx_HAL_Driver\Src\stm32f1xx_hal_uart.c">
      <Filter>Drivers</Filter>
    </ClCompile>
    <ClCompile Include="..\Src\freertos.c">
      <Filter>Исходные файлы</Filter>
    </ClCompile>
    <ClCompile Include="..\Src\unix_time.c">
      <Filter>Исходные файлы</Filter>
    </ClCompile>
    <ClCompile Include="..\Drivers\STM32F1xx_HAL_Driver\Src\stm32f1xx_hal_crc.c">
      <Filter>Drivers</Filter>
    </ClCompile>
    <ClCompile Include="..\Src\uart_config.c">
      <Filter>stm32</Filter>
    </ClCompile>
    <ClCompile Include="..\..\rpi-uart\raspberry_config\uart-receiver\uart_config.c">
      <Filter>raspberry\uart-receiver</Filter>
    </ClCompile>
    <ClCompile Include="..\..\rpi-uart\raspberry_config\uart-transmitter\uart_config.c">
      <Filter>raspberry\uart-transmitter</Filter>
    </ClCompile>
    <ClCompile Include="..\..\rpi-uart\safe_uart\safe_uart_messenger.c">
      <Filter>common</Filter>
    </ClCompile>
    <ClCompile Include="..\..\nrc_print.c">
      <Filter>common</Filter>
    </ClCompile>
    <ClCompile Include="..\..\rpi-uart\uart-listener.c">
      <Filter>raspberry</Filter>
    </ClCompile>
    <ClCompile Include="..\..\rpi-uart\uart-speaker.c">
      <Filter>raspberry</Filter>
    </ClCompile>
    <ClCompile Include="..\..\rpi-uart\my_software_stm32_crc.c">
      <Filter>raspberry</Filter>
    </ClCompile>
    <ClCompile Include="..\..\nrc_protocol_buffers\nrc_msg.pb.c">
      <Filter>Protobuf</Filter>
    </ClCompile>
    <ClCompile Include="..\..\nrc_protocol_buffers\nanopb\pb_common.c">
      <Filter>Protobuf</Filter>
    </ClCompile>
    <ClCompile Include="..\..\nrc_protocol_buffers\nanopb\pb_decode.c">
      <Filter>Protobuf</Filter>
    </ClCompile>
    <ClCompile Include="..\..\nrc_protocol_buffers\nanopb\pb_encode.c">
      <Filter>Protobuf</Filter>
    </ClCompile>
    <ClCompile Include="..\..\rpi-uart\win32_fake_wiringpi\wiringSerial.c">
      <Filter>raspberry</Filter>
    </ClCompile>
  </ItemGroup>
  <ItemGroup>
    <None Include="..\..\nrc_protocol_buffers\nrc_msg.proto">
      <Filter>Protobuf</Filter>
    </None>
    <None Include="..\..\nrc_protocol_buffers\nrc_generate_sources_from_proto.py">
      <Filter>Protobuf</Filter>
    </None>
    <None Include="..\..\rpi-uart\test\test_uart.py">
      <Filter>Protobuf</Filter>
    </None>
    <None Include="..\..\rpi-uart\compile.py">
      <Filter>Protobuf</Filter>
    </None>
    <None Include="..\..\rpi-uart\uart-listener-win32-emulate.py">
      <Filter>Protobuf</Filter>
    </None>
  </ItemGroup>
</Project>