<?xml version="1.0" encoding="utf-8"?>
<Project ToolsVersion="4.0" xmlns="http://schemas.microsoft.com/developer/msbuild/2003">
  <ItemGroup>
    <Filter Include="Resource Files">
      <UniqueIdentifier>{38712199-cebf-4124-bf15-398f7c3419ea}</UniqueIdentifier>
      <Extensions>ico;cur;bmp;dlg;rc2;rct;bin;rgs;gif;jpg;jpeg;jpe</Extensions>
    </Filter>
    <Filter Include="FreeRTOS Source">
      <UniqueIdentifier>{af3445a1-4908-4170-89ed-39345d90d30c}</UniqueIdentifier>
    </Filter>
    <Filter Include="FreeRTOS Source\Source">
      <UniqueIdentifier>{f32be356-4763-4cae-9020-974a2638cb08}</UniqueIdentifier>
      <Extensions>*.c</Extensions>
    </Filter>
    <Filter Include="FreeRTOS Source\Include">
      <UniqueIdentifier>{a60060e3-3949-4f60-b025-cb84164ae9ed}</UniqueIdentifier>
    </Filter>
    <Filter Include="FreeRTOS Source\Source\Portable">
      <UniqueIdentifier>{88f409e6-d396-4ac5-94bd-7a99c914be46}</UniqueIdentifier>
    </Filter>
    <Filter Include="protobuf">
      <UniqueIdentifier>{ace6c1be-f3b5-43c8-af30-234a48e33e0e}</UniqueIdentifier>
    </Filter>
    <Filter Include="nrc-print">
      <UniqueIdentifier>{f9e2db76-b74b-4f5e-b85e-8f0580692153}</UniqueIdentifier>
    </Filter>
    <Filter Include="nrc-safe-uart">
      <UniqueIdentifier>{b6d5c6f4-d006-4835-8d24-4c56671b2e73}</UniqueIdentifier>
    </Filter>
    <Filter Include="nrc-money-logic">
      <UniqueIdentifier>{672618b4-da23-453a-8d33-4c1887960fa5}</UniqueIdentifier>
    </Filter>
  </ItemGroup>
  <ItemGroup>
    <ClCompile Include="..\stm32\Middlewares\Third_Party\FreeRTOS\Source\list.c">
      <Filter>FreeRTOS Source\Source</Filter>
    </ClCompile>
    <ClCompile Include="..\stm32\Middlewares\Third_Party\FreeRTOS\Source\queue.c">
      <Filter>FreeRTOS Source\Source</Filter>
    </ClCompile>
    <ClCompile Include="..\stm32\Middlewares\Third_Party\FreeRTOS\Source\tasks.c">
      <Filter>FreeRTOS Source\Source</Filter>
    </ClCompile>
    <ClCompile Include="..\stm32\Middlewares\Third_Party\FreeRTOS\Source\portable\MSVC-MingW\port.c">
      <Filter>FreeRTOS Source\Source\Portable</Filter>
    </ClCompile>
    <ClCompile Include="..\stm32\Middlewares\Third_Party\FreeRTOS\Source\timers.c">
      <Filter>FreeRTOS Source\Source</Filter>
    </ClCompile>
    <ClCompile Include="..\stm32\Middlewares\Third_Party\FreeRTOS\Source\event_groups.c">
      <Filter>FreeRTOS Source\Source</Filter>
    </ClCompile>
    <ClCompile Include="main.c" />
    <ClCompile Include="..\stm32\Middlewares\Third_Party\FreeRTOS\Source\portable\MemMang\heap_4.c">
      <Filter>FreeRTOS Source\Source\Portable</Filter>
    </ClCompile>
    <ClCompile Include="..\nrc-print\nrc-print.c">
      <Filter>nrc-print</Filter>
    </ClCompile>
    <ClCompile Include="..\protobuf\reflow_oven.pb.c">
      <Filter>protobuf</Filter>
    </ClCompile>
    <ClCompile Include="..\protobuf\nanopb\pb_common.c">
      <Filter>protobuf</Filter>
    </ClCompile>
    <ClCompile Include="..\protobuf\nanopb\pb_decode.c">
      <Filter>protobuf</Filter>
    </ClCompile>
    <ClCompile Include="..\protobuf\nanopb\pb_encode.c">
      <Filter>protobuf</Filter>
    </ClCompile>
    <ClCompile Include="..\nrc-safe-uart\nrc-safe-uart.c">
      <Filter>nrc-safe-uart</Filter>
    </ClCompile>
    <ClCompile Include="..\nrc-money-logic\nrc-money-logic.c">
      <Filter>nrc-money-logic</Filter>
    </ClCompile>
    <ClCompile Include="..\nrc-money-logic\platform_windows\nrc-money-logic_config.c">
      <Filter>nrc-money-logic</Filter>
    </ClCompile>
    <ClCompile Include="..\nrc-safe-uart\config_windows\nrc-safe-uart_config.c">
      <Filter>nrc-safe-uart</Filter>
    </ClCompile>
    <ClCompile Include="..\other\crc_software_as_stm32_hardware.c">
      <Filter>nrc-safe-uart</Filter>
    </ClCompile>
  </ItemGroup>
  <ItemGroup>
    <ClInclude Include="..\stm32\Middlewares\Third_Party\FreeRTOS\Source\include\croutine.h">
      <Filter>FreeRTOS Source\Include</Filter>
    </ClInclude>
    <ClInclude Include="..\stm32\Middlewares\Third_Party\FreeRTOS\Source\include\FreeRTOS.h">
      <Filter>FreeRTOS Source\Include</Filter>
    </ClInclude>
    <ClInclude Include="..\stm32\Middlewares\Third_Party\FreeRTOS\Source\include\list.h">
      <Filter>FreeRTOS Source\Include</Filter>
    </ClInclude>
    <ClInclude Include="..\stm32\Middlewares\Third_Party\FreeRTOS\Source\include\portable.h">
      <Filter>FreeRTOS Source\Include</Filter>
    </ClInclude>
    <ClInclude Include="..\stm32\Middlewares\Third_Party\FreeRTOS\Source\include\projdefs.h">
      <Filter>FreeRTOS Source\Include</Filter>
    </ClInclude>
    <ClInclude Include="..\stm32\Middlewares\Third_Party\FreeRTOS\Source\include\queue.h">
      <Filter>FreeRTOS Source\Include</Filter>
    </ClInclude>
    <ClInclude Include="..\stm32\Middlewares\Third_Party\FreeRTOS\Source\include\semphr.h">
      <Filter>FreeRTOS Source\Include</Filter>
    </ClInclude>
    <ClInclude Include="..\stm32\Middlewares\Third_Party\FreeRTOS\Source\include\task.h">
      <Filter>FreeRTOS Source\Include</Filter>
    </ClInclude>
    <ClInclude Include="..\stm32\Middlewares\Third_Party\FreeRTOS\Source\portable\MSVC-MingW\portmacro.h">
      <Filter>FreeRTOS Source\Include</Filter>
    </ClInclude>
    <ClInclude Include="..\stm32\Middlewares\Third_Party\FreeRTOS\Source\include\timers.h">
      <Filter>FreeRTOS Source\Include</Filter>
    </ClInclude>
    <ClInclude Include="..\stm32\Middlewares\Third_Party\FreeRTOS\Source\include\event_groups.h">
      <Filter>FreeRTOS Source\Include</Filter>
    </ClInclude>
    <ClInclude Include="FreeRTOSConfig.h" />
    <ClInclude Include="..\nrc-print\nrc-print.h">
      <Filter>nrc-print</Filter>
    </ClInclude>
    <ClInclude Include="..\protobuf\reflow_oven.pb.h">
      <Filter>protobuf</Filter>
    </ClInclude>
    <ClInclude Include="..\protobuf\nanopb\pb.h">
      <Filter>protobuf</Filter>
    </ClInclude>
    <ClInclude Include="..\protobuf\nanopb\pb_common.h">
      <Filter>protobuf</Filter>
    </ClInclude>
    <ClInclude Include="..\protobuf\nanopb\pb_decode.h">
      <Filter>protobuf</Filter>
    </ClInclude>
    <ClInclude Include="..\protobuf\nanopb\pb_encode.h">
      <Filter>protobuf</Filter>
    </ClInclude>
    <ClInclude Include="..\nrc-safe-uart\nrc-safe-uart.h">
      <Filter>nrc-safe-uart</Filter>
    </ClInclude>
    <ClInclude Include="..\nrc-money-logic\nrc-money-logic.h">
      <Filter>nrc-money-logic</Filter>
    </ClInclude>
    <ClInclude Include="..\nrc-money-logic\platform_windows\nrc-money-logic_config.h">
      <Filter>nrc-money-logic</Filter>
    </ClInclude>
    <ClInclude Include="..\nrc-safe-uart\config_windows\nrc-safe-uart_config.h">
      <Filter>nrc-safe-uart</Filter>
    </ClInclude>
    <ClInclude Include="..\other\crc_software_as_stm32_hardware.h">
      <Filter>nrc-safe-uart</Filter>
    </ClInclude>
    <ClInclude Include="..\nrc-print\config_windows\nrc-print_config.h">
      <Filter>nrc-print</Filter>
    </ClInclude>
  </ItemGroup>
</Project>